// !$*UTF8*$!
{
	archiveVersion = 1;
	classes = {
	};
	objectVersion = 50;
	objects = {

/* Begin PBXBuildFile section */
		2EE8CBA2F3F3B9CBA69F295D /* Pods_ToDude.framework in Frameworks */ = {isa = PBXBuildFile; fileRef = AE1A04B7DD298F02091227B7 /* Pods_ToDude.framework */; };
		F47A624525B9EEE300ED2B68 /* AppDelegate.swift in Sources */ = {isa = PBXBuildFile; fileRef = F47A624425B9EEE300ED2B68 /* AppDelegate.swift */; };
		F47A624725B9EEE300ED2B68 /* SceneDelegate.swift in Sources */ = {isa = PBXBuildFile; fileRef = F47A624625B9EEE300ED2B68 /* SceneDelegate.swift */; };
		F47A624C25B9EEE300ED2B68 /* Main.storyboard in Resources */ = {isa = PBXBuildFile; fileRef = F47A624A25B9EEE300ED2B68 /* Main.storyboard */; };
		F47A624F25B9EEE300ED2B68 /* ToDude.xcdatamodeld in Sources */ = {isa = PBXBuildFile; fileRef = F47A624D25B9EEE300ED2B68 /* ToDude.xcdatamodeld */; };
		F47A625125B9EEE500ED2B68 /* Assets.xcassets in Resources */ = {isa = PBXBuildFile; fileRef = F47A625025B9EEE500ED2B68 /* Assets.xcassets */; };
		F47A625425B9EEE500ED2B68 /* LaunchScreen.storyboard in Resources */ = {isa = PBXBuildFile; fileRef = F47A625225B9EEE500ED2B68 /* LaunchScreen.storyboard */; };
		F47A625E25B9F0C300ED2B68 /* ItemListTableViewController.swift in Sources */ = {isa = PBXBuildFile; fileRef = F47A625D25B9F0C300ED2B68 /* ItemListTableViewController.swift */; };
/* End PBXBuildFile section */

/* Begin PBXFileReference section */
		2614417542C8A9BEDBDCC446 /* Pods-ToDude.debug.xcconfig */ = {isa = PBXFileReference; includeInIndex = 1; lastKnownFileType = text.xcconfig; name = "Pods-ToDude.debug.xcconfig"; path = "Target Support Files/Pods-ToDude/Pods-ToDude.debug.xcconfig"; sourceTree = "<group>"; };
		AE1A04B7DD298F02091227B7 /* Pods_ToDude.framework */ = {isa = PBXFileReference; explicitFileType = wrapper.framework; includeInIndex = 0; path = Pods_ToDude.framework; sourceTree = BUILT_PRODUCTS_DIR; };
		CEDDA85302B53265ECD62803 /* Pods-ToDude.release.xcconfig */ = {isa = PBXFileReference; includeInIndex = 1; lastKnownFileType = text.xcconfig; name = "Pods-ToDude.release.xcconfig"; path = "Target Support Files/Pods-ToDude/Pods-ToDude.release.xcconfig"; sourceTree = "<group>"; };
		F47A624125B9EEE300ED2B68 /* ToDude.app */ = {isa = PBXFileReference; explicitFileType = wrapper.application; includeInIndex = 0; path = ToDude.app; sourceTree = BUILT_PRODUCTS_DIR; };
		F47A624425B9EEE300ED2B68 /* AppDelegate.swift */ = {isa = PBXFileReference; lastKnownFileType = sourcecode.swift; path = AppDelegate.swift; sourceTree = "<group>"; };
		F47A624625B9EEE300ED2B68 /* SceneDelegate.swift */ = {isa = PBXFileReference; lastKnownFileType = sourcecode.swift; path = SceneDelegate.swift; sourceTree = "<group>"; };
		F47A624B25B9EEE300ED2B68 /* Base */ = {isa = PBXFileReference; lastKnownFileType = file.storyboard; name = Base; path = Base.lproj/Main.storyboard; sourceTree = "<group>"; };
		F47A624E25B9EEE300ED2B68 /* ToDude.xcdatamodel */ = {isa = PBXFileReference; lastKnownFileType = wrapper.xcdatamodel; path = ToDude.xcdatamodel; sourceTree = "<group>"; };
		F47A625025B9EEE500ED2B68 /* Assets.xcassets */ = {isa = PBXFileReference; lastKnownFileType = folder.assetcatalog; path = Assets.xcassets; sourceTree = "<group>"; };
		F47A625325B9EEE500ED2B68 /* Base */ = {isa = PBXFileReference; lastKnownFileType = file.storyboard; name = Base; path = Base.lproj/LaunchScreen.storyboard; sourceTree = "<group>"; };
		F47A625525B9EEE500ED2B68 /* Info.plist */ = {isa = PBXFileReference; lastKnownFileType = text.plist.xml; path = Info.plist; sourceTree = "<group>"; };
		F47A625D25B9F0C300ED2B68 /* ItemListTableViewController.swift */ = {isa = PBXFileReference; lastKnownFileType = sourcecode.swift; path = ItemListTableViewController.swift; sourceTree = "<group>"; };
/* End PBXFileReference section */

/* Begin PBXFrameworksBuildPhase section */
		F47A623E25B9EEE300ED2B68 /* Frameworks */ = {
			isa = PBXFrameworksBuildPhase;
			buildActionMask = 2147483647;
			files = (
				2EE8CBA2F3F3B9CBA69F295D /* Pods_ToDude.framework in Frameworks */,
			);
			runOnlyForDeploymentPostprocessing = 0;
		};
/* End PBXFrameworksBuildPhase section */

/* Begin PBXGroup section */
		6F5560F4C11306886CB5C237 /* Frameworks */ = {
			isa = PBXGroup;
			children = (
				AE1A04B7DD298F02091227B7 /* Pods_ToDude.framework */,
			);
			name = Frameworks;
			sourceTree = "<group>";
		};
		E2569010602F86CC4ADE2474 /* Pods */ = {
			isa = PBXGroup;
			children = (
				2614417542C8A9BEDBDCC446 /* Pods-ToDude.debug.xcconfig */,
				CEDDA85302B53265ECD62803 /* Pods-ToDude.release.xcconfig */,
			);
			name = Pods;
			path = Pods;
			sourceTree = "<group>";
		};
		F47A623825B9EEE300ED2B68 = {
			isa = PBXGroup;
			children = (
				F47A624325B9EEE300ED2B68 /* ToDude */,
				F47A624225B9EEE300ED2B68 /* Products */,
				E2569010602F86CC4ADE2474 /* Pods */,
				6F5560F4C11306886CB5C237 /* Frameworks */,
			);
			sourceTree = "<group>";
		};
		F47A624225B9EEE300ED2B68 /* Products */ = {
			isa = PBXGroup;
			children = (
				F47A624125B9EEE300ED2B68 /* ToDude.app */,
			);
			name = Products;
			sourceTree = "<group>";
		};
		F47A624325B9EEE300ED2B68 /* ToDude */ = {
			isa = PBXGroup;
			children = (
				F47A624425B9EEE300ED2B68 /* AppDelegate.swift */,
				F47A624625B9EEE300ED2B68 /* SceneDelegate.swift */,
				F47A624A25B9EEE300ED2B68 /* Main.storyboard */,
				F47A625025B9EEE500ED2B68 /* Assets.xcassets */,
				F47A625225B9EEE500ED2B68 /* LaunchScreen.storyboard */,
				F47A625525B9EEE500ED2B68 /* Info.plist */,
				F47A624D25B9EEE300ED2B68 /* ToDude.xcdatamodeld */,
				F47A625D25B9F0C300ED2B68 /* ItemListTableViewController.swift */,
			);
			path = ToDude;
			sourceTree = "<group>";
		};
/* End PBXGroup section */

/* Begin PBXNativeTarget section */
		F47A624025B9EEE300ED2B68 /* ToDude */ = {
			isa = PBXNativeTarget;
			buildConfigurationList = F47A625825B9EEE500ED2B68 /* Build configuration list for PBXNativeTarget "ToDude" */;
			buildPhases = (
				23A9A551AFB76F9BCB86F9D9 /* [CP] Check Pods Manifest.lock */,
				F47A623D25B9EEE300ED2B68 /* Sources */,
				F47A623E25B9EEE300ED2B68 /* Frameworks */,
				F47A623F25B9EEE300ED2B68 /* Resources */,
				045CA6C051326755573EB27E /* [CP] Embed Pods Frameworks */,
			);
			buildRules = (
			);
			dependencies = (
			);
			name = ToDude;
			productName = ToDude;
			productReference = F47A624125B9EEE300ED2B68 /* ToDude.app */;
			productType = "com.apple.product-type.application";
		};
/* End PBXNativeTarget section */

/* Begin PBXProject section */
		F47A623925B9EEE300ED2B68 /* Project object */ = {
			isa = PBXProject;
			attributes = {
				LastSwiftUpdateCheck = 1230;
				LastUpgradeCheck = 1230;
				TargetAttributes = {
					F47A624025B9EEE300ED2B68 = {
						CreatedOnToolsVersion = 12.3;
					};
				};
			};
			buildConfigurationList = F47A623C25B9EEE300ED2B68 /* Build configuration list for PBXProject "ToDude" */;
			compatibilityVersion = "Xcode 9.3";
			developmentRegion = en;
			hasScannedForEncodings = 0;
			knownRegions = (
				en,
				Base,
			);
			mainGroup = F47A623825B9EEE300ED2B68;
			productRefGroup = F47A624225B9EEE300ED2B68 /* Products */;
			projectDirPath = "";
			projectRoot = "";
			targets = (
				F47A624025B9EEE300ED2B68 /* ToDude */,
			);
		};
/* End PBXProject section */

/* Begin PBXResourcesBuildPhase section */
		F47A623F25B9EEE300ED2B68 /* Resources */ = {
			isa = PBXResourcesBuildPhase;
			buildActionMask = 2147483647;
			files = (
				F47A625425B9EEE500ED2B68 /* LaunchScreen.storyboard in Resources */,
				F47A625125B9EEE500ED2B68 /* Assets.xcassets in Resources */,
				F47A624C25B9EEE300ED2B68 /* Main.storyboard in Resources */,
			);
			runOnlyForDeploymentPostprocessing = 0;
		};
/* End PBXResourcesBuildPhase section */

/* Begin PBXShellScriptBuildPhase section */
		045CA6C051326755573EB27E /* [CP] Embed Pods Frameworks */ = {
			isa = PBXShellScriptBuildPhase;
			buildActionMask = 2147483647;
			files = (
			);
			inputFileListPaths = (
				"${PODS_ROOT}/Target Support Files/Pods-ToDude/Pods-ToDude-frameworks-${CONFIGURATION}-input-files.xcfilelist",
			);
			name = "[CP] Embed Pods Frameworks";
			outputFileListPaths = (
				"${PODS_ROOT}/Target Support Files/Pods-ToDude/Pods-ToDude-frameworks-${CONFIGURATION}-output-files.xcfilelist",
			);
			runOnlyForDeploymentPostprocessing = 0;
			shellPath = /bin/sh;
			shellScript = "\"${PODS_ROOT}/Target Support Files/Pods-ToDude/Pods-ToDude-frameworks.sh\"\n";
			showEnvVarsInLog = 0;
		};
		23A9A551AFB76F9BCB86F9D9 /* [CP] Check Pods Manifest.lock */ = {
			isa = PBXShellScriptBuildPhase;
			buildActionMask = 2147483647;
			files = (
			);
			inputFileListPaths = (
			);
			inputPaths = (
				"${PODS_PODFILE_DIR_PATH}/Podfile.lock",
				"${PODS_ROOT}/Manifest.lock",
			);
			name = "[CP] Check Pods Manifest.lock";
			outputFileListPaths = (
			);
			outputPaths = (
				"$(DERIVED_FILE_DIR)/Pods-ToDude-checkManifestLockResult.txt",
			);
			runOnlyForDeploymentPostprocessing = 0;
			shellPath = /bin/sh;
			shellScript = "diff \"${PODS_PODFILE_DIR_PATH}/Podfile.lock\" \"${PODS_ROOT}/Manifest.lock\" > /dev/null\nif [ $? != 0 ] ; then\n    # print error to STDERR\n    echo \"error: The sandbox is not in sync with the Podfile.lock. Run 'pod install' or update your CocoaPods installation.\" >&2\n    exit 1\nfi\n# This output is used by Xcode 'outputs' to avoid re-running this script phase.\necho \"SUCCESS\" > \"${SCRIPT_OUTPUT_FILE_0}\"\n";
			showEnvVarsInLog = 0;
		};
/* End PBXShellScriptBuildPhase section */

/* Begin PBXSourcesBuildPhase section */
		F47A623D25B9EEE300ED2B68 /* Sources */ = {
			isa = PBXSourcesBuildPhase;
			buildActionMask = 2147483647;
			files = (
				F47A624F25B9EEE300ED2B68 /* ToDude.xcdatamodeld in Sources */,
				F47A624525B9EEE300ED2B68 /* AppDelegate.swift in Sources */,
				F47A625E25B9F0C300ED2B68 /* ItemListTableViewController.swift in Sources */,
				F47A624725B9EEE300ED2B68 /* SceneDelegate.swift in Sources */,
			);
			runOnlyForDeploymentPostprocessing = 0;
		};
/* End PBXSourcesBuildPhase section */

/* Begin PBXVariantGroup section */
		F47A624A25B9EEE300ED2B68 /* Main.storyboard */ = {
			isa = PBXVariantGroup;
			children = (
				F47A624B25B9EEE300ED2B68 /* Base */,
			);
			name = Main.storyboard;
			sourceTree = "<group>";
		};
		F47A625225B9EEE500ED2B68 /* LaunchScreen.storyboard */ = {
			isa = PBXVariantGroup;
			children = (
				F47A625325B9EEE500ED2B68 /* Base */,
			);
			name = LaunchScreen.storyboard;
			sourceTree = "<group>";
		};
/* End PBXVariantGroup section */

/* Begin XCBuildConfiguration section */
		F47A625625B9EEE500ED2B68 /* Debug */ = {
			isa = XCBuildConfiguration;
			buildSettings = {
				ALWAYS_SEARCH_USER_PATHS = NO;
				CLANG_ANALYZER_NONNULL = YES;
				CLANG_ANALYZER_NUMBER_OBJECT_CONVERSION = YES_AGGRESSIVE;
				CLANG_CXX_LANGUAGE_STANDARD = "gnu++14";
				CLANG_CXX_LIBRARY = "libc++";
				CLANG_ENABLE_MODULES = YES;
				CLANG_ENABLE_OBJC_ARC = YES;
				CLANG_ENABLE_OBJC_WEAK = YES;
				CLANG_WARN_BLOCK_CAPTURE_AUTORELEASING = YES;
				CLANG_WARN_BOOL_CONVERSION = YES;
				CLANG_WARN_COMMA = YES;
				CLANG_WARN_CONSTANT_CONVERSION = YES;
				CLANG_WARN_DEPRECATED_OBJC_IMPLEMENTATIONS = YES;
				CLANG_WARN_DIRECT_OBJC_ISA_USAGE = YES_ERROR;
				CLANG_WARN_DOCUMENTATION_COMMENTS = YES;
				CLANG_WARN_EMPTY_BODY = YES;
				CLANG_WARN_ENUM_CONVERSION = YES;
				CLANG_WARN_INFINITE_RECURSION = YES;
				CLANG_WARN_INT_CONVERSION = YES;
				CLANG_WARN_NON_LITERAL_NULL_CONVERSION = YES;
				CLANG_WARN_OBJC_IMPLICIT_RETAIN_SELF = YES;
				CLANG_WARN_OBJC_LITERAL_CONVERSION = YES;
				CLANG_WARN_OBJC_ROOT_CLASS = YES_ERROR;
				CLANG_WARN_QUOTED_INCLUDE_IN_FRAMEWORK_HEADER = YES;
				CLANG_WARN_RANGE_LOOP_ANALYSIS = YES;
				CLANG_WARN_STRICT_PROTOTYPES = YES;
				CLANG_WARN_SUSPICIOUS_MOVE = YES;
				CLANG_WARN_UNGUARDED_AVAILABILITY = YES_AGGRESSIVE;
				CLANG_WARN_UNREACHABLE_CODE = YES;
				CLANG_WARN__DUPLICATE_METHOD_MATCH = YES;
				COPY_PHASE_STRIP = NO;
				DEBUG_INFORMATION_FORMAT = dwarf;
				ENABLE_STRICT_OBJC_MSGSEND = YES;
				ENABLE_TESTABILITY = YES;
				GCC_C_LANGUAGE_STANDARD = gnu11;
				GCC_DYNAMIC_NO_PIC = NO;
				GCC_NO_COMMON_BLOCKS = YES;
				GCC_OPTIMIZATION_LEVEL = 0;
				GCC_PREPROCESSOR_DEFINITIONS = (
					"DEBUG=1",
					"$(inherited)",
				);
				GCC_WARN_64_TO_32_BIT_CONVERSION = YES;
				GCC_WARN_ABOUT_RETURN_TYPE = YES_ERROR;
				GCC_WARN_UNDECLARED_SELECTOR = YES;
				GCC_WARN_UNINITIALIZED_AUTOS = YES_AGGRESSIVE;
				GCC_WARN_UNUSED_FUNCTION = YES;
				GCC_WARN_UNUSED_VARIABLE = YES;
				IPHONEOS_DEPLOYMENT_TARGET = 14.3;
				MTL_ENABLE_DEBUG_INFO = INCLUDE_SOURCE;
				MTL_FAST_MATH = YES;
				ONLY_ACTIVE_ARCH = YES;
				SDKROOT = iphoneos;
				SWIFT_ACTIVE_COMPILATION_CONDITIONS = DEBUG;
				SWIFT_OPTIMIZATION_LEVEL = "-Onone";
			};
			name = Debug;
		};
		F47A625725B9EEE500ED2B68 /* Release */ = {
			isa = XCBuildConfiguration;
			buildSettings = {
				ALWAYS_SEARCH_USER_PATHS = NO;
				CLANG_ANALYZER_NONNULL = YES;
				CLANG_ANALYZER_NUMBER_OBJECT_CONVERSION = YES_AGGRESSIVE;
				CLANG_CXX_LANGUAGE_STANDARD = "gnu++14";
				CLANG_CXX_LIBRARY = "libc++";
				CLANG_ENABLE_MODULES = YES;
				CLANG_ENABLE_OBJC_ARC = YES;
				CLANG_ENABLE_OBJC_WEAK = YES;
				CLANG_WARN_BLOCK_CAPTURE_AUTORELEASING = YES;
				CLANG_WARN_BOOL_CONVERSION = YES;
				CLANG_WARN_COMMA = YES;
				CLANG_WARN_CONSTANT_CONVERSION = YES;
				CLANG_WARN_DEPRECATED_OBJC_IMPLEMENTATIONS = YES;
				CLANG_WARN_DIRECT_OBJC_ISA_USAGE = YES_ERROR;
				CLANG_WARN_DOCUMENTATION_COMMENTS = YES;
				CLANG_WARN_EMPTY_BODY = YES;
				CLANG_WARN_ENUM_CONVERSION = YES;
				CLANG_WARN_INFINITE_RECURSION = YES;
				CLANG_WARN_INT_CONVERSION = YES;
				CLANG_WARN_NON_LITERAL_NULL_CONVERSION = YES;
				CLANG_WARN_OBJC_IMPLICIT_RETAIN_SELF = YES;
				CLANG_WARN_OBJC_LITERAL_CONVERSION = YES;
				CLANG_WARN_OBJC_ROOT_CLASS = YES_ERROR;
				CLANG_WARN_QUOTED_INCLUDE_IN_FRAMEWORK_HEADER = YES;
				CLANG_WARN_RANGE_LOOP_ANALYSIS = YES;
				CLANG_WARN_STRICT_PROTOTYPES = YES;
				CLANG_WARN_SUSPICIOUS_MOVE = YES;
				CLANG_WARN_UNGUARDED_AVAILABILITY = YES_AGGRESSIVE;
				CLANG_WARN_UNREACHABLE_CODE = YES;
				CLANG_WARN__DUPLICATE_METHOD_MATCH = YES;
				COPY_PHASE_STRIP = NO;
				DEBUG_INFORMATION_FORMAT = "dwarf-with-dsym";
				ENABLE_NS_ASSERTIONS = NO;
				ENABLE_STRICT_OBJC_MSGSEND = YES;
				GCC_C_LANGUAGE_STANDARD = gnu11;
				GCC_NO_COMMON_BLOCKS = YES;
				GCC_WARN_64_TO_32_BIT_CONVERSION = YES;
				GCC_WARN_ABOUT_RETURN_TYPE = YES_ERROR;
				GCC_WARN_UNDECLARED_SELECTOR = YES;
				GCC_WARN_UNINITIALIZED_AUTOS = YES_AGGRESSIVE;
				GCC_WARN_UNUSED_FUNCTION = YES;
				GCC_WARN_UNUSED_VARIABLE = YES;
				IPHONEOS_DEPLOYMENT_TARGET = 14.3;
				MTL_ENABLE_DEBUG_INFO = NO;
				MTL_FAST_MATH = YES;
				SDKROOT = iphoneos;
				SWIFT_COMPILATION_MODE = wholemodule;
				SWIFT_OPTIMIZATION_LEVEL = "-O";
				VALIDATE_PRODUCT = YES;
			};
			name = Release;
		};
		F47A625925B9EEE500ED2B68 /* Debug */ = {
			isa = XCBuildConfiguration;
			baseConfigurationReference = 2614417542C8A9BEDBDCC446 /* Pods-ToDude.debug.xcconfig */;
			buildSettings = {
				ASSETCATALOG_COMPILER_APPICON_NAME = AppIcon;
				ASSETCATALOG_COMPILER_GLOBAL_ACCENT_COLOR_NAME = AccentColor;
				CODE_SIGN_STYLE = Automatic;
				INFOPLIST_FILE = ToDude/Info.plist;
				LD_RUNPATH_SEARCH_PATHS = (
					"$(inherited)",
					"@executable_path/Frameworks",
				);
				PRODUCT_BUNDLE_IDENTIFIER = com.rachelwong.ToDude;
				PRODUCT_NAME = "$(TARGET_NAME)";
				SWIFT_VERSION = 5.0;
				TARGETED_DEVICE_FAMILY = "1,2";
			};
			name = Debug;
		};
		F47A625A25B9EEE500ED2B68 /* Release */ = {
			isa = XCBuildConfiguration;
			baseConfigurationReference = CEDDA85302B53265ECD62803 /* Pods-ToDude.release.xcconfig */;
			buildSettings = {
				ASSETCATALOG_COMPILER_APPICON_NAME = AppIcon;
				ASSETCATALOG_COMPILER_GLOBAL_ACCENT_COLOR_NAME = AccentColor;
				CODE_SIGN_STYLE = Automatic;
				INFOPLIST_FILE = ToDude/Info.plist;
				LD_RUNPATH_SEARCH_PATHS = (
					"$(inherited)",
					"@executable_path/Frameworks",
				);
				PRODUCT_BUNDLE_IDENTIFIER = com.rachelwong.ToDude;
				PRODUCT_NAME = "$(TARGET_NAME)";
				SWIFT_VERSION = 5.0;
				TARGETED_DEVICE_FAMILY = "1,2";
			};
			name = Release;
		};
/* End XCBuildConfiguration section */

/* Begin XCConfigurationList section */
		F47A623C25B9EEE300ED2B68 /* Build configuration list for PBXProject "ToDude" */ = {
			isa = XCConfigurationList;
			buildConfigurations = (
				F47A625625B9EEE500ED2B68 /* Debug */,
				F47A625725B9EEE500ED2B68 /* Release */,
			);
			defaultConfigurationIsVisible = 0;
			defaultConfigurationName = Release;
		};
		F47A625825B9EEE500ED2B68 /* Build configuration list for PBXNativeTarget "ToDude" */ = {
			isa = XCConfigurationList;
			buildConfigurations = (
				F47A625925B9EEE500ED2B68 /* Debug */,
				F47A625A25B9EEE500ED2B68 /* Release */,
			);
			defaultConfigurationIsVisible = 0;
			defaultConfigurationName = Release;
		};
/* End XCConfigurationList section */

/* Begin XCVersionGroup section */
		F47A624D25B9EEE300ED2B68 /* ToDude.xcdatamodeld */ = {
			isa = XCVersionGroup;
			children = (
				F47A624E25B9EEE300ED2B68 /* ToDude.xcdatamodel */,
			);
			currentVersion = F47A624E25B9EEE300ED2B68 /* ToDude.xcdatamodel */;
			path = ToDude.xcdatamodeld;
			sourceTree = "<group>";
			versionGroupType = wrapper.xcdatamodel;
		};
/* End XCVersionGroup section */
	};
	rootObject = F47A623925B9EEE300ED2B68 /* Project object */;
}
